
Microsoft Visual Studio Solution File, Format Version 12.00
# Visual Studio Version 17
VisualStudioVersion = 17.0.31903.59
MinimumVisualStudioVersion = 10.0.40219.1
Project("{F2A71F9B-5D33-465A-A702-920D77279786}") = "Chess", "Chess\Chess.fsproj", "{CAB3FA9C-79B9-4294-BE8F-ECC4A82E7AD7}"
EndProject
Project("{F2A71F9B-5D33-465A-A702-920D77279786}") = "Chess.Tests", "Chess.Tests\Chess.Tests.fsproj", "{E32F22AC-2578-4A2E-9615-5A449AE34300}"
EndProject
Global
	GlobalSection(SolutionConfigurationPlatforms) = preSolution
		Debug|Any CPU = Debug|Any CPU
		Debug|x64 = Debug|x64
		Debug|x86 = Debug|x86
		Release|Any CPU = Release|Any CPU
		Release|x64 = Release|x64
		Release|x86 = Release|x86
	EndGlobalSection
	GlobalSection(ProjectConfigurationPlatforms) = postSolution
		{CAB3FA9C-79B9-4294-BE8F-ECC4A82E7AD7}.Debug|Any CPU.ActiveCfg = Debug|Any CPU
		{CAB3FA9C-79B9-4294-BE8F-ECC4A82E7AD7}.Debug|Any CPU.Build.0 = Debug|Any CPU
		{CAB3FA9C-79B9-4294-BE8F-ECC4A82E7AD7}.Debug|x64.ActiveCfg = Debug|Any CPU
		{CAB3FA9C-79B9-4294-BE8F-ECC4A82E7AD7}.Debug|x64.Build.0 = Debug|Any CPU
		{CAB3FA9C-79B9-4294-BE8F-ECC4A82E7AD7}.Debug|x86.ActiveCfg = Debug|Any CPU
		{CAB3FA9C-79B9-4294-BE8F-ECC4A82E7AD7}.Debug|x86.Build.0 = Debug|Any CPU
		{CAB3FA9C-79B9-4294-BE8F-ECC4A82E7AD7}.Release|Any CPU.ActiveCfg = Release|Any CPU
		{CAB3FA9C-79B9-4294-BE8F-ECC4A82E7AD7}.Release|Any CPU.Build.0 = Release|Any CPU
		{CAB3FA9C-79B9-4294-BE8F-ECC4A82E7AD7}.Release|x64.ActiveCfg = Release|Any CPU
		{CAB3FA9C-79B9-4294-BE8F-ECC4A82E7AD7}.Release|x64.Build.0 = Release|Any CPU
		{CAB3FA9C-79B9-4294-BE8F-ECC4A82E7AD7}.Release|x86.ActiveCfg = Release|Any CPU
		{CAB3FA9C-79B9-4294-BE8F-ECC4A82E7AD7}.Release|x86.Build.0 = Release|Any CPU
		{E32F22AC-2578-4A2E-9615-5A449AE34300}.Debug|Any CPU.ActiveCfg = Debug|Any CPU
		{E32F22AC-2578-4A2E-9615-5A449AE34300}.Debug|Any CPU.Build.0 = Debug|Any CPU
		{E32F22AC-2578-4A2E-9615-5A449AE34300}.Debug|x64.ActiveCfg = Debug|Any CPU
		{E32F22AC-2578-4A2E-9615-5A449AE34300}.Debug|x64.Build.0 = Debug|Any CPU
		{E32F22AC-2578-4A2E-9615-5A449AE34300}.Debug|x86.ActiveCfg = Debug|Any CPU
		{E32F22AC-2578-4A2E-9615-5A449AE34300}.Debug|x86.Build.0 = Debug|Any CPU
		{E32F22AC-2578-4A2E-9615-5A449AE34300}.Release|Any CPU.ActiveCfg = Release|Any CPU
		{E32F22AC-2578-4A2E-9615-5A449AE34300}.Release|Any CPU.Build.0 = Release|Any CPU
		{E32F22AC-2578-4A2E-9615-5A449AE34300}.Release|x64.ActiveCfg = Release|Any CPU
		{E32F22AC-2578-4A2E-9615-5A449AE34300}.Release|x64.Build.0 = Release|Any CPU
		{E32F22AC-2578-4A2E-9615-5A449AE34300}.Release|x86.ActiveCfg = Release|Any CPU
		{E32F22AC-2578-4A2E-9615-5A449AE34300}.Release|x86.Build.0 = Release|Any CPU
	EndGlobalSection
	GlobalSection(SolutionProperties) = preSolution
		HideSolutionNode = FALSE
	EndGlobalSection
EndGlobal
